// !$*UTF8*$!
{
	archiveVersion = 1;
	classes = {
	};
	objectVersion = 46;
	objects = {

/* Begin PBXBuildFile section */
		9000A6D71D0F4FB300026EE1 /* tweet.json in Resources */ = {isa = PBXBuildFile; fileRef = 9000A6D61D0F4FB300026EE1 /* tweet.json */; };
		9000A6D91D0F506300026EE1 /* Tweet.swift in Sources */ = {isa = PBXBuildFile; fileRef = 9000A6D81D0F506300026EE1 /* Tweet.swift */; };
		9000A6DC1D0F50A900026EE1 /* User.swift in Sources */ = {isa = PBXBuildFile; fileRef = 9000A6DB1D0F50A900026EE1 /* User.swift */; };
		9000A6DE1D0F550B00026EE1 /* JSONParser.swift in Sources */ = {isa = PBXBuildFile; fileRef = 9000A6DD1D0F550B00026EE1 /* JSONParser.swift */; };
		90668AEE1D10AFE6003502BC /* API.swift in Sources */ = {isa = PBXBuildFile; fileRef = 90668AED1D10AFE6003502BC /* API.swift */; };
		90B58F3A1D0F4BD40037C349 /* AppDelegate.swift in Sources */ = {isa = PBXBuildFile; fileRef = 90B58F391D0F4BD40037C349 /* AppDelegate.swift */; };
		90B58F3C1D0F4BD40037C349 /* ViewController.swift in Sources */ = {isa = PBXBuildFile; fileRef = 90B58F3B1D0F4BD40037C349 /* ViewController.swift */; };
		90B58F3F1D0F4BD40037C349 /* Main.storyboard in Resources */ = {isa = PBXBuildFile; fileRef = 90B58F3D1D0F4BD40037C349 /* Main.storyboard */; };
		90B58F411D0F4BD40037C349 /* Assets.xcassets in Resources */ = {isa = PBXBuildFile; fileRef = 90B58F401D0F4BD40037C349 /* Assets.xcassets */; };
		90B58F441D0F4BD40037C349 /* LaunchScreen.storyboard in Resources */ = {isa = PBXBuildFile; fileRef = 90B58F421D0F4BD40037C349 /* LaunchScreen.storyboard */; };
/* End PBXBuildFile section */

/* Begin PBXFileReference section */
		9000A6D61D0F4FB300026EE1 /* tweet.json */ = {isa = PBXFileReference; fileEncoding = 4; lastKnownFileType = text.json; path = tweet.json; sourceTree = "<group>"; };
		9000A6D81D0F506300026EE1 /* Tweet.swift */ = {isa = PBXFileReference; fileEncoding = 4; lastKnownFileType = sourcecode.swift; name = Tweet.swift; path = ../Tweet.swift; sourceTree = "<group>"; };
		9000A6DB1D0F50A900026EE1 /* User.swift */ = {isa = PBXFileReference; fileEncoding = 4; lastKnownFileType = sourcecode.swift; path = User.swift; sourceTree = "<group>"; };
		9000A6DD1D0F550B00026EE1 /* JSONParser.swift */ = {isa = PBXFileReference; fileEncoding = 4; lastKnownFileType = sourcecode.swift; path = JSONParser.swift; sourceTree = "<group>"; };
		90668AED1D10AFE6003502BC /* API.swift */ = {isa = PBXFileReference; fileEncoding = 4; lastKnownFileType = sourcecode.swift; path = API.swift; sourceTree = "<group>"; };
		90B58F361D0F4BD40037C349 /* TwitterClone2.app */ = {isa = PBXFileReference; explicitFileType = wrapper.application; includeInIndex = 0; path = TwitterClone2.app; sourceTree = BUILT_PRODUCTS_DIR; };
		90B58F391D0F4BD40037C349 /* AppDelegate.swift */ = {isa = PBXFileReference; lastKnownFileType = sourcecode.swift; path = AppDelegate.swift; sourceTree = "<group>"; };
		90B58F3B1D0F4BD40037C349 /* ViewController.swift */ = {isa = PBXFileReference; lastKnownFileType = sourcecode.swift; path = ViewController.swift; sourceTree = "<group>"; };
		90B58F3E1D0F4BD40037C349 /* Base */ = {isa = PBXFileReference; lastKnownFileType = file.storyboard; name = Base; path = Base.lproj/Main.storyboard; sourceTree = "<group>"; };
		90B58F401D0F4BD40037C349 /* Assets.xcassets */ = {isa = PBXFileReference; lastKnownFileType = folder.assetcatalog; path = Assets.xcassets; sourceTree = "<group>"; };
		90B58F431D0F4BD40037C349 /* Base */ = {isa = PBXFileReference; lastKnownFileType = file.storyboard; name = Base; path = Base.lproj/LaunchScreen.storyboard; sourceTree = "<group>"; };
		90B58F451D0F4BD40037C349 /* Info.plist */ = {isa = PBXFileReference; lastKnownFileType = text.plist.xml; path = Info.plist; sourceTree = "<group>"; };
/* End PBXFileReference section */

/* Begin PBXFrameworksBuildPhase section */
		90B58F331D0F4BD40037C349 /* Frameworks */ = {
			isa = PBXFrameworksBuildPhase;
			buildActionMask = 2147483647;
			files = (
			);
			runOnlyForDeploymentPostprocessing = 0;
		};
/* End PBXFrameworksBuildPhase section */

/* Begin PBXGroup section */
		9000A6D31D0F4D9300026EE1 /* App Global */ = {
			isa = PBXGroup;
			children = (
				90B58F391D0F4BD40037C349 /* AppDelegate.swift */,
				90B58F401D0F4BD40037C349 /* Assets.xcassets */,
				90B58F451D0F4BD40037C349 /* Info.plist */,
			);
			name = "App Global";
			sourceTree = "<group>";
		};
		9000A6D41D0F4DAA00026EE1 /* Controllers */ = {
			isa = PBXGroup;
			children = (
				90B58F3B1D0F4BD40037C349 /* ViewController.swift */,
			);
			name = Controllers;
			sourceTree = "<group>";
		};
		9000A6D51D0F4DC400026EE1 /* Views */ = {
			isa = PBXGroup;
			children = (
				90B58F3D1D0F4BD40037C349 /* Main.storyboard */,
				90B58F421D0F4BD40037C349 /* LaunchScreen.storyboard */,
			);
			name = Views;
			sourceTree = "<group>";
		};
		9000A6DA1D0F507000026EE1 /* Model */ = {
			isa = PBXGroup;
			children = (
				9000A6D81D0F506300026EE1 /* Tweet.swift */,
				9000A6DB1D0F50A900026EE1 /* User.swift */,
			);
			name = Model;
			sourceTree = "<group>";
		};
		9000A6DF1D0F552E00026EE1 /* Utilities */ = {
			isa = PBXGroup;
			children = (
				90668AED1D10AFE6003502BC /* API.swift */,
				9000A6DD1D0F550B00026EE1 /* JSONParser.swift */,
			);
			name = Utilities;
			sourceTree = "<group>";
		};
		90B58F2D1D0F4BD40037C349 = {
			isa = PBXGroup;
			children = (
				90B58F381D0F4BD40037C349 /* TwitterClone2 */,
				90B58F371D0F4BD40037C349 /* Products */,
			);
			sourceTree = "<group>";
		};
		90B58F371D0F4BD40037C349 /* Products */ = {
			isa = PBXGroup;
			children = (
				90B58F361D0F4BD40037C349 /* TwitterClone2.app */,
			);
			name = Products;
			sourceTree = "<group>";
		};
		90B58F381D0F4BD40037C349 /* TwitterClone2 */ = {
			isa = PBXGroup;
			children = (
				9000A6D61D0F4FB300026EE1 /* tweet.json */,
				9000A6D31D0F4D9300026EE1 /* App Global */,
				9000A6D41D0F4DAA00026EE1 /* Controllers */,
				9000A6DA1D0F507000026EE1 /* Model */,
				9000A6D51D0F4DC400026EE1 /* Views */,
				9000A6DF1D0F552E00026EE1 /* Utilities */,
			);
			path = TwitterClone2;
			sourceTree = "<group>";
		};
/* End PBXGroup section */

/* Begin PBXNativeTarget section */
		90B58F351D0F4BD40037C349 /* TwitterClone2 */ = {
			isa = PBXNativeTarget;
			buildConfigurationList = 90B58F481D0F4BD40037C349 /* Build configuration list for PBXNativeTarget "TwitterClone2" */;
			buildPhases = (
				90B58F321D0F4BD40037C349 /* Sources */,
				90B58F331D0F4BD40037C349 /* Frameworks */,
				90B58F341D0F4BD40037C349 /* Resources */,
			);
			buildRules = (
			);
			dependencies = (
			);
			name = TwitterClone2;
			productName = TwitterClone2;
			productReference = 90B58F361D0F4BD40037C349 /* TwitterClone2.app */;
			productType = "com.apple.product-type.application";
		};
/* End PBXNativeTarget section */

/* Begin PBXProject section */
		90B58F2E1D0F4BD40037C349 /* Project object */ = {
			isa = PBXProject;
			attributes = {
				LastSwiftUpdateCheck = 0730;
				LastUpgradeCheck = 0730;
				ORGANIZATIONNAME = "Lindsey Boggio";
				TargetAttributes = {
					90B58F351D0F4BD40037C349 = {
						CreatedOnToolsVersion = 7.3.1;
					};
				};
			};
			buildConfigurationList = 90B58F311D0F4BD40037C349 /* Build configuration list for PBXProject "TwitterClone2" */;
			compatibilityVersion = "Xcode 3.2";
			developmentRegion = English;
			hasScannedForEncodings = 0;
			knownRegions = (
				en,
				Base,
			);
			mainGroup = 90B58F2D1D0F4BD40037C349;
			productRefGroup = 90B58F371D0F4BD40037C349 /* Products */;
			projectDirPath = "";
			projectRoot = "";
			targets = (
				90B58F351D0F4BD40037C349 /* TwitterClone2 */,
			);
		};
/* End PBXProject section */

/* Begin PBXResourcesBuildPhase section */
		90B58F341D0F4BD40037C349 /* Resources */ = {
			isa = PBXResourcesBuildPhase;
			buildActionMask = 2147483647;
			files = (
				90B58F441D0F4BD40037C349 /* LaunchScreen.storyboard in Resources */,
				90B58F411D0F4BD40037C349 /* Assets.xcassets in Resources */,
				90B58F3F1D0F4BD40037C349 /* Main.storyboard in Resources */,
				9000A6D71D0F4FB300026EE1 /* tweet.json in Resources */,
			);
			runOnlyForDeploymentPostprocessing = 0;
		};
/* End PBXResourcesBuildPhase section */

/* Begin PBXSourcesBuildPhase section */
		90B58F321D0F4BD40037C349 /* Sources */ = {
			isa = PBXSourcesBuildPhase;
			buildActionMask = 2147483647;
			files = (
				9000A6DC1D0F50A900026EE1 /* User.swift in Sources */,
				9000A6DE1D0F550B00026EE1 /* JSONParser.swift in Sources */,
				9000A6D91D0F506300026EE1 /* Tweet.swift in Sources */,
				90B58F3C1D0F4BD40037C349 /* ViewController.swift in Sources */,
				90668AEE1D10AFE6003502BC /* API.swift in Sources */,
				90B58F3A1D0F4BD40037C349 /* AppDelegate.swift in Sources */,
			);
			runOnlyForDeploymentPostprocessing = 0;
		};
/* End PBXSourcesBuildPhase section */

/* Begin PBXVariantGroup section */
		90B58F3D1D0F4BD40037C349 /* Main.storyboard */ = {
			isa = PBXVariantGroup;
			children = (
				90B58F3E1D0F4BD40037C349 /* Base */,
			);
			name = Main.storyboard;
			sourceTree = "<group>";
		};
		90B58F421D0F4BD40037C349 /* LaunchScreen.storyboard */ = {
			isa = PBXVariantGroup;
			children = (
				90B58F431D0F4BD40037C349 /* Base */,
			);
			name = LaunchScreen.storyboard;
			sourceTree = "<group>";
		};
/* End PBXVariantGroup section */

/* Begin XCBuildConfiguration section */
		90B58F461D0F4BD40037C349 /* Debug */ = {
			isa = XCBuildConfiguration;
			buildSettings = {
				ALWAYS_SEARCH_USER_PATHS = NO;
				CLANG_ANALYZER_NONNULL = YES;
				CLANG_CXX_LANGUAGE_STANDARD = "gnu++0x";
				CLANG_CXX_LIBRARY = "libc++";
				CLANG_ENABLE_MODULES = YES;
				CLANG_ENABLE_OBJC_ARC = YES;
				CLANG_WARN_BOOL_CONVERSION = YES;
				CLANG_WARN_CONSTANT_CONVERSION = YES;
				CLANG_WARN_DIRECT_OBJC_ISA_USAGE = YES_ERROR;
				CLANG_WARN_EMPTY_BODY = YES;
				CLANG_WARN_ENUM_CONVERSION = YES;
				CLANG_WARN_INT_CONVERSION = YES;
				CLANG_WARN_OBJC_ROOT_CLASS = YES_ERROR;
				CLANG_WARN_UNREACHABLE_CODE = YES;
				CLANG_WARN__DUPLICATE_METHOD_MATCH = YES;
				"CODE_SIGN_IDENTITY[sdk=iphoneos*]" = "iPhone Developer";
				COPY_PHASE_STRIP = NO;
				DEBUG_INFORMATION_FORMAT = dwarf;
				ENABLE_STRICT_OBJC_MSGSEND = YES;
				ENABLE_TESTABILITY = YES;
				GCC_C_LANGUAGE_STANDARD = gnu99;
				GCC_DYNAMIC_NO_PIC = NO;
				GCC_NO_COMMON_BLOCKS = YES;
				GCC_OPTIMIZATION_LEVEL = 0;
				GCC_PREPROCESSOR_DEFINITIONS = (
					"DEBUG=1",
					"$(inherited)",
				);
				GCC_WARN_64_TO_32_BIT_CONVERSION = YES;
				GCC_WARN_ABOUT_RETURN_TYPE = YES_ERROR;
				GCC_WARN_UNDECLARED_SELECTOR = YES;
				GCC_WARN_UNINITIALIZED_AUTOS = YES_AGGRESSIVE;
				GCC_WARN_UNUSED_FUNCTION = YES;
				GCC_WARN_UNUSED_VARIABLE = YES;
				IPHONEOS_DEPLOYMENT_TARGET = 9.3;
				MTL_ENABLE_DEBUG_INFO = YES;
				ONLY_ACTIVE_ARCH = YES;
				SDKROOT = iphoneos;
				SWIFT_OPTIMIZATION_LEVEL = "-Onone";
				TARGETED_DEVICE_FAMILY = "1,2";
			};
			name = Debug;
		};
		90B58F471D0F4BD40037C349 /* Release */ = {
			isa = XCBuildConfiguration;
			buildSettings = {
				ALWAYS_SEARCH_USER_PATHS = NO;
				CLANG_ANALYZER_NONNULL = YES;
				CLANG_CXX_LANGUAGE_STANDARD = "gnu++0x";
				CLANG_CXX_LIBRARY = "libc++";
				CLANG_ENABLE_MODULES = YES;
				CLANG_ENABLE_OBJC_ARC = YES;
				CLANG_WARN_BOOL_CONVERSION = YES;
				CLANG_WARN_CONSTANT_CONVERSION = YES;
				CLANG_WARN_DIRECT_OBJC_ISA_USAGE = YES_ERROR;
				CLANG_WARN_EMPTY_BODY = YES;
				CLANG_WARN_ENUM_CONVERSION = YES;
				CLANG_WARN_INT_CONVERSION = YES;
				CLANG_WARN_OBJC_ROOT_CLASS = YES_ERROR;
				CLANG_WARN_UNREACHABLE_CODE = YES;
				CLANG_WARN__DUPLICATE_METHOD_MATCH = YES;
				"CODE_SIGN_IDENTITY[sdk=iphoneos*]" = "iPhone Developer";
				COPY_PHASE_STRIP = NO;
				DEBUG_INFORMATION_FORMAT = "dwarf-with-dsym";
				ENABLE_NS_ASSERTIONS = NO;
				ENABLE_STRICT_OBJC_MSGSEND = YES;
				GCC_C_LANGUAGE_STANDARD = gnu99;
				GCC_NO_COMMON_BLOCKS = YES;
				GCC_WARN_64_TO_32_BIT_CONVERSION = YES;
				GCC_WARN_ABOUT_RETURN_TYPE = YES_ERROR;
				GCC_WARN_UNDECLARED_SELECTOR = YES;
				GCC_WARN_UNINITIALIZED_AUTOS = YES_AGGRESSIVE;
				GCC_WARN_UNUSED_FUNCTION = YES;
				GCC_WARN_UNUSED_VARIABLE = YES;
				IPHONEOS_DEPLOYMENT_TARGET = 9.3;
				MTL_ENABLE_DEBUG_INFO = NO;
				SDKROOT = iphoneos;
				TARGETED_DEVICE_FAMILY = "1,2";
				VALIDATE_PRODUCT = YES;
			};
			name = Release;
		};
		90B58F491D0F4BD40037C349 /* Debug */ = {
			isa = XCBuildConfiguration;
			buildSettings = {
				ASSETCATALOG_COMPILER_APPICON_NAME = AppIcon;
				INFOPLIST_FILE = TwitterClone2/Info.plist;
				LD_RUNPATH_SEARCH_PATHS = "$(inherited) @executable_path/Frameworks";
				PRODUCT_BUNDLE_IDENTIFIER = "Lindsey-Boggio.TwitterClone2";
				PRODUCT_NAME = "$(TARGET_NAME)";
			};
			name = Debug;
		};
		90B58F4A1D0F4BD40037C349 /* Release */ = {
			isa = XCBuildConfiguration;
			buildSettings = {
				ASSETCATALOG_COMPILER_APPICON_NAME = AppIcon;
				INFOPLIST_FILE = TwitterClone2/Info.plist;
				LD_RUNPATH_SEARCH_PATHS = "$(inherited) @executable_path/Frameworks";
				PRODUCT_BUNDLE_IDENTIFIER = "Lindsey-Boggio.TwitterClone2";
				PRODUCT_NAME = "$(TARGET_NAME)";
			};
			name = Release;
		};
/* End XCBuildConfiguration section */

/* Begin XCConfigurationList section */
		90B58F311D0F4BD40037C349 /* Build configuration list for PBXProject "TwitterClone2" */ = {
			isa = XCConfigurationList;
			buildConfigurations = (
				90B58F461D0F4BD40037C349 /* Debug */,
				90B58F471D0F4BD40037C349 /* Release */,
			);
			defaultConfigurationIsVisible = 0;
			defaultConfigurationName = Release;
		};
		90B58F481D0F4BD40037C349 /* Build configuration list for PBXNativeTarget "TwitterClone2" */ = {
			isa = XCConfigurationList;
			buildConfigurations = (
				90B58F491D0F4BD40037C349 /* Debug */,
				90B58F4A1D0F4BD40037C349 /* Release */,
			);
			defaultConfigurationIsVisible = 0;
			defaultConfigurationName = Release;
		};
/* End XCConfigurationList section */
	};
	rootObject = 90B58F2E1D0F4BD40037C349 /* Project object */;
}
